DEPENDENCIES
  build-essential
  chef-solo-search (~> 0.5.1)
  database (~> 4.0.6)
  fail2ban (~> 2.2.1)
  geoshapeosm
    path: cookbooks/geoshapeosm
  openssl (~> 4.0.0)
  postgresql (~> 3.4.20)

GRAPH
  apt (2.7.0)
  build-essential (2.2.3)
  chef-solo-search (0.5.1)
  chef-sugar (3.1.0)
  database (4.0.6)
    postgresql (>= 1.0.0)
  fail2ban (2.2.1)
    yum (~> 3.0)
    yum-epel (>= 0.0.0)
  geoshapeosm (0.0.9)
  openssl (4.0.0)
    chef-sugar (>= 0.0.0)
  postgresql (3.4.20)
    apt (>= 1.9.0)
    build-essential (>= 0.0.0)
    openssl (~> 4.0.0)
  yum (3.6.1)
  yum-epel (0.6.0)
    yum (~> 3.0)
